// !$*UTF8*$!
{
	archiveVersion = 1;
	classes = {
	};
	objectVersion = 46;
	objects = {

/* Begin PBXBuildFile section */
		B0009C0F1B4632E600B12175 /* LBAMainVC.xib in Resources */ = {isa = PBXBuildFile; fileRef = B0009C0E1B4632E600B12175 /* LBAMainVC.xib */; };
		B0009C111B4632F300B12175 /* LBALeftVC.xib in Resources */ = {isa = PBXBuildFile; fileRef = B0009C101B4632F300B12175 /* LBALeftVC.xib */; };
		B0009C131B46330000B12175 /* LBARightVC.xib in Resources */ = {isa = PBXBuildFile; fileRef = B0009C121B46330000B12175 /* LBARightVC.xib */; };
		B0009C191B46334A00B12175 /* LBAMainVC.m in Sources */ = {isa = PBXBuildFile; fileRef = B0009C181B46334A00B12175 /* LBAMainVC.m */; };
		B0009C1C1B46337D00B12175 /* LBACenterVC.m in Sources */ = {isa = PBXBuildFile; fileRef = B0009C1B1B46337D00B12175 /* LBACenterVC.m */; };
		B0009C1F1B46339400B12175 /* LBALeftVC.m in Sources */ = {isa = PBXBuildFile; fileRef = B0009C1E1B46339400B12175 /* LBALeftVC.m */; };
		B0009C221B4633AA00B12175 /* LBARightVC.m in Sources */ = {isa = PBXBuildFile; fileRef = B0009C211B4633AA00B12175 /* LBARightVC.m */; };
		B0009C2A1B465D9900B12175 /* LBACenterVC.xib in Resources */ = {isa = PBXBuildFile; fileRef = B0009C291B465D9900B12175 /* LBACenterVC.xib */; };
		B0009C2D1B47110100B12175 /* LBADefaultsManager.m in Sources */ = {isa = PBXBuildFile; fileRef = B0009C2C1B47110100B12175 /* LBADefaultsManager.m */; };
		B0009C341B471A3800B12175 /* LBAAlert.m in Sources */ = {isa = PBXBuildFile; fileRef = B0009C331B471A3800B12175 /* LBAAlert.m */; };
		B0009C371B472AFA00B12175 /* LBALocationManager.m in Sources */ = {isa = PBXBuildFile; fileRef = B0009C361B472AFA00B12175 /* LBALocationManager.m */; };
		B003706E1B58BF6700194CCA /* Favorite.m in Sources */ = {isa = PBXBuildFile; fileRef = B003706D1B58BF6700194CCA /* Favorite.m */; };
		B00370721B5B16F900194CCA /* LBACoreDataManager.m in Sources */ = {isa = PBXBuildFile; fileRef = B00370711B5B16F900194CCA /* LBACoreDataManager.m */; };
		B003707D1B5DE64100194CCA /* UIColor+LBAColors.m in Sources */ = {isa = PBXBuildFile; fileRef = B003707C1B5DE64100194CCA /* UIColor+LBAColors.m */; };
		B032BCEF1B2BCF72003AC098 /* LBARectangleView.m in Sources */ = {isa = PBXBuildFile; fileRef = B032BCEE1B2BCF72003AC098 /* LBARectangleView.m */; };
		B032BCF31B2BD25A003AC098 /* LBASettingsTab.m in Sources */ = {isa = PBXBuildFile; fileRef = B032BCF21B2BD25A003AC098 /* LBASettingsTab.m */; };
		B032BCF91B2BE0EE003AC098 /* LBAPlusSign.m in Sources */ = {isa = PBXBuildFile; fileRef = B032BCF81B2BE0EE003AC098 /* LBAPlusSign.m */; };
		B032BCFC1B2BE10A003AC098 /* LBAMinusSign.m in Sources */ = {isa = PBXBuildFile; fileRef = B032BCFB1B2BE10A003AC098 /* LBAMinusSign.m */; };
		B05CCB531B76C880003F0E37 /* LBABridgeVC.m in Sources */ = {isa = PBXBuildFile; fileRef = B05CCB511B76C880003F0E37 /* LBABridgeVC.m */; };
		B05CCB541B76C880003F0E37 /* LBABridgeVC.xib in Resources */ = {isa = PBXBuildFile; fileRef = B05CCB521B76C880003F0E37 /* LBABridgeVC.xib */; };
		B05CCB901B77C093003F0E37 /* SpinnerView.xib in Resources */ = {isa = PBXBuildFile; fileRef = B05CCB8F1B77C093003F0E37 /* SpinnerView.xib */; };
		B06629281B47A52B00E2A855 /* LBASettingsCell.xib in Resources */ = {isa = PBXBuildFile; fileRef = B06629271B47A52B00E2A855 /* LBASettingsCell.xib */; };
		B066292B1B47AE3000E2A855 /* LBASettingsTVCell.m in Sources */ = {isa = PBXBuildFile; fileRef = B066292A1B47AE3000E2A855 /* LBASettingsTVCell.m */; };
		B066292D1B480C8000E2A855 /* LBASunriseCell.xib in Resources */ = {isa = PBXBuildFile; fileRef = B066292C1B480C8000E2A855 /* LBASunriseCell.xib */; };
		B06629301B48137C00E2A855 /* LBASunriseTVCell.m in Sources */ = {isa = PBXBuildFile; fileRef = B066292F1B48137C00E2A855 /* LBASunriseTVCell.m */; };
		B09D90A71B233F1F00C2653B /* main.m in Sources */ = {isa = PBXBuildFile; fileRef = B09D90A61B233F1F00C2653B /* main.m */; };
		B09D90AA1B233F1F00C2653B /* AppDelegate.m in Sources */ = {isa = PBXBuildFile; fileRef = B09D90A91B233F1F00C2653B /* AppDelegate.m */; };
		B09D90AD1B233F1F00C2653B /* LightBeacon.xcdatamodeld in Sources */ = {isa = PBXBuildFile; fileRef = B09D90AB1B233F1F00C2653B /* LightBeacon.xcdatamodeld */; };
		B09D90B51B233F1F00C2653B /* Images.xcassets in Resources */ = {isa = PBXBuildFile; fileRef = B09D90B41B233F1F00C2653B /* Images.xcassets */; };
		B09D90B81B233F1F00C2653B /* LaunchScreen.xib in Resources */ = {isa = PBXBuildFile; fileRef = B09D90B61B233F1F00C2653B /* LaunchScreen.xib */; };
		B09D90C41B233F1F00C2653B /* LightBeaconTests.m in Sources */ = {isa = PBXBuildFile; fileRef = B09D90C31B233F1F00C2653B /* LightBeaconTests.m */; };
		B09D90CE1B239E3200C2653B /* libz.dylib in Frameworks */ = {isa = PBXBuildFile; fileRef = B09D90CD1B239E3200C2653B /* libz.dylib */; };
		B0BABBAC1B65385A00F77935 /* HueSDK_iOS.framework in Frameworks */ = {isa = PBXBuildFile; fileRef = B0BABBAB1B65385A00F77935 /* HueSDK_iOS.framework */; };
		B0CB51C21B51890700C4AC18 /* LBAFavsTVCell.xib in Resources */ = {isa = PBXBuildFile; fileRef = B0CB51C11B51890700C4AC18 /* LBAFavsTVCell.xib */; };
		B0CB51C51B518BC000C4AC18 /* LBAFavsTVCell.m in Sources */ = {isa = PBXBuildFile; fileRef = B0CB51C41B518BC000C4AC18 /* LBAFavsTVCell.m */; };
		B0D4B9571B24758B00713A26 /* Gimbal.framework in Frameworks */ = {isa = PBXBuildFile; fileRef = B0D4B9561B24758B00713A26 /* Gimbal.framework */; };
		B0D4B95B1B24837300713A26 /* Keys.plist in Resources */ = {isa = PBXBuildFile; fileRef = B0D4B95A1B24837300713A26 /* Keys.plist */; };
		B0D8A3101B6538C700DD3D87 /* DDAbstractDatabaseLogger.m in Sources */ = {isa = PBXBuildFile; fileRef = B0D8A3071B6538C700DD3D87 /* DDAbstractDatabaseLogger.m */; };
		B0D8A3111B6538C700DD3D87 /* DDASLLogger.m in Sources */ = {isa = PBXBuildFile; fileRef = B0D8A3091B6538C700DD3D87 /* DDASLLogger.m */; };
		B0D8A3121B6538C700DD3D87 /* DDFileLogger.m in Sources */ = {isa = PBXBuildFile; fileRef = B0D8A30B1B6538C700DD3D87 /* DDFileLogger.m */; };
		B0D8A3131B6538C700DD3D87 /* DDLog.m in Sources */ = {isa = PBXBuildFile; fileRef = B0D8A30D1B6538C700DD3D87 /* DDLog.m */; };
		B0D8A3141B6538C700DD3D87 /* DDTTYLogger.m in Sources */ = {isa = PBXBuildFile; fileRef = B0D8A30F1B6538C700DD3D87 /* DDTTYLogger.m */; };
		B0D8A31A1B6538F200DD3D87 /* ContextFilterLogFormatter.m in Sources */ = {isa = PBXBuildFile; fileRef = B0D8A3171B6538F200DD3D87 /* ContextFilterLogFormatter.m */; };
		B0D8A31B1B6538F200DD3D87 /* DispatchQueueLogFormatter.m in Sources */ = {isa = PBXBuildFile; fileRef = B0D8A3191B6538F200DD3D87 /* DispatchQueueLogFormatter.m */; };
		B0D8A31E1B68486000DD3D87 /* LBAHueManager.m in Sources */ = {isa = PBXBuildFile; fileRef = B0D8A31D1B68486000DD3D87 /* LBAHueManager.m */; };
		B0E8D2771B40A65C009683A2 /* CoreLocation.framework in Frameworks */ = {isa = PBXBuildFile; fileRef = B0E8D2761B40A65C009683A2 /* CoreLocation.framework */; };
		B0FCFD021B2521410034FD4E /* LBALogManager.m in Sources */ = {isa = PBXBuildFile; fileRef = B0FCFD011B2521410034FD4E /* LBALogManager.m */; };
		B0FF0CEC1C226318001999A5 /* User.m in Sources */ = {isa = PBXBuildFile; fileRef = B0FF0CEB1C226318001999A5 /* User.m */; };
/* End PBXBuildFile section */

/* Begin PBXContainerItemProxy section */
		B09D90BE1B233F1F00C2653B /* PBXContainerItemProxy */ = {
			isa = PBXContainerItemProxy;
			containerPortal = B09D90991B233F1F00C2653B /* Project object */;
			proxyType = 1;
			remoteGlobalIDString = B09D90A01B233F1F00C2653B;
			remoteInfo = LightBeacon;
		};
/* End PBXContainerItemProxy section */

/* Begin PBXFileReference section */
		B0009C0E1B4632E600B12175 /* LBAMainVC.xib */ = {isa = PBXFileReference; fileEncoding = 4; lastKnownFileType = file.xib; path = LBAMainVC.xib; sourceTree = "<group>"; };
		B0009C101B4632F300B12175 /* LBALeftVC.xib */ = {isa = PBXFileReference; fileEncoding = 4; lastKnownFileType = file.xib; path = LBALeftVC.xib; sourceTree = "<group>"; };
		B0009C121B46330000B12175 /* LBARightVC.xib */ = {isa = PBXFileReference; fileEncoding = 4; lastKnownFileType = file.xib; path = LBARightVC.xib; sourceTree = "<group>"; };
		B0009C171B46334A00B12175 /* LBAMainVC.h */ = {isa = PBXFileReference; fileEncoding = 4; lastKnownFileType = sourcecode.c.h; path = LBAMainVC.h; sourceTree = "<group>"; };
		B0009C181B46334A00B12175 /* LBAMainVC.m */ = {isa = PBXFileReference; fileEncoding = 4; lastKnownFileType = sourcecode.c.objc; path = LBAMainVC.m; sourceTree = "<group>"; };
		B0009C1A1B46337D00B12175 /* LBACenterVC.h */ = {isa = PBXFileReference; fileEncoding = 4; lastKnownFileType = sourcecode.c.h; path = LBACenterVC.h; sourceTree = "<group>"; };
		B0009C1B1B46337D00B12175 /* LBACenterVC.m */ = {isa = PBXFileReference; fileEncoding = 4; lastKnownFileType = sourcecode.c.objc; path = LBACenterVC.m; sourceTree = "<group>"; };
		B0009C1D1B46339400B12175 /* LBALeftVC.h */ = {isa = PBXFileReference; fileEncoding = 4; lastKnownFileType = sourcecode.c.h; path = LBALeftVC.h; sourceTree = "<group>"; };
		B0009C1E1B46339400B12175 /* LBALeftVC.m */ = {isa = PBXFileReference; fileEncoding = 4; lastKnownFileType = sourcecode.c.objc; path = LBALeftVC.m; sourceTree = "<group>"; };
		B0009C201B4633AA00B12175 /* LBARightVC.h */ = {isa = PBXFileReference; fileEncoding = 4; lastKnownFileType = sourcecode.c.h; path = LBARightVC.h; sourceTree = "<group>"; };
		B0009C211B4633AA00B12175 /* LBARightVC.m */ = {isa = PBXFileReference; fileEncoding = 4; lastKnownFileType = sourcecode.c.objc; path = LBARightVC.m; sourceTree = "<group>"; };
		B0009C291B465D9900B12175 /* LBACenterVC.xib */ = {isa = PBXFileReference; fileEncoding = 4; lastKnownFileType = file.xib; path = LBACenterVC.xib; sourceTree = "<group>"; };
		B0009C2B1B47110100B12175 /* LBADefaultsManager.h */ = {isa = PBXFileReference; fileEncoding = 4; lastKnownFileType = sourcecode.c.h; path = LBADefaultsManager.h; sourceTree = "<group>"; };
		B0009C2C1B47110100B12175 /* LBADefaultsManager.m */ = {isa = PBXFileReference; fileEncoding = 4; lastKnownFileType = sourcecode.c.objc; path = LBADefaultsManager.m; sourceTree = "<group>"; };
		B0009C321B471A3800B12175 /* LBAAlert.h */ = {isa = PBXFileReference; fileEncoding = 4; lastKnownFileType = sourcecode.c.h; path = LBAAlert.h; sourceTree = "<group>"; };
		B0009C331B471A3800B12175 /* LBAAlert.m */ = {isa = PBXFileReference; fileEncoding = 4; lastKnownFileType = sourcecode.c.objc; path = LBAAlert.m; sourceTree = "<group>"; };
		B0009C351B472AFA00B12175 /* LBALocationManager.h */ = {isa = PBXFileReference; fileEncoding = 4; lastKnownFileType = sourcecode.c.h; path = LBALocationManager.h; sourceTree = "<group>"; };
		B0009C361B472AFA00B12175 /* LBALocationManager.m */ = {isa = PBXFileReference; fileEncoding = 4; lastKnownFileType = sourcecode.c.objc; path = LBALocationManager.m; sourceTree = "<group>"; };
		B003706C1B58BF6700194CCA /* Favorite.h */ = {isa = PBXFileReference; fileEncoding = 4; lastKnownFileType = sourcecode.c.h; path = Favorite.h; sourceTree = "<group>"; };
		B003706D1B58BF6700194CCA /* Favorite.m */ = {isa = PBXFileReference; fileEncoding = 4; lastKnownFileType = sourcecode.c.objc; path = Favorite.m; sourceTree = "<group>"; };
		B00370701B5B16F900194CCA /* LBACoreDataManager.h */ = {isa = PBXFileReference; fileEncoding = 4; lastKnownFileType = sourcecode.c.h; path = LBACoreDataManager.h; sourceTree = "<group>"; };
		B00370711B5B16F900194CCA /* LBACoreDataManager.m */ = {isa = PBXFileReference; fileEncoding = 4; lastKnownFileType = sourcecode.c.objc; path = LBACoreDataManager.m; sourceTree = "<group>"; };
		B003707B1B5DE64100194CCA /* UIColor+LBAColors.h */ = {isa = PBXFileReference; fileEncoding = 4; lastKnownFileType = sourcecode.c.h; path = "UIColor+LBAColors.h"; sourceTree = "<group>"; };
		B003707C1B5DE64100194CCA /* UIColor+LBAColors.m */ = {isa = PBXFileReference; fileEncoding = 4; lastKnownFileType = sourcecode.c.objc; path = "UIColor+LBAColors.m"; sourceTree = "<group>"; };
		B032BCED1B2BCF72003AC098 /* LBARectangleView.h */ = {isa = PBXFileReference; fileEncoding = 4; lastKnownFileType = sourcecode.c.h; path = LBARectangleView.h; sourceTree = "<group>"; };
		B032BCEE1B2BCF72003AC098 /* LBARectangleView.m */ = {isa = PBXFileReference; fileEncoding = 4; lastKnownFileType = sourcecode.c.objc; path = LBARectangleView.m; sourceTree = "<group>"; };
		B032BCF11B2BD25A003AC098 /* LBASettingsTab.h */ = {isa = PBXFileReference; fileEncoding = 4; lastKnownFileType = sourcecode.c.h; path = LBASettingsTab.h; sourceTree = "<group>"; };
		B032BCF21B2BD25A003AC098 /* LBASettingsTab.m */ = {isa = PBXFileReference; fileEncoding = 4; lastKnownFileType = sourcecode.c.objc; path = LBASettingsTab.m; sourceTree = "<group>"; };
		B032BCF71B2BE0EE003AC098 /* LBAPlusSign.h */ = {isa = PBXFileReference; fileEncoding = 4; lastKnownFileType = sourcecode.c.h; path = LBAPlusSign.h; sourceTree = "<group>"; };
		B032BCF81B2BE0EE003AC098 /* LBAPlusSign.m */ = {isa = PBXFileReference; fileEncoding = 4; lastKnownFileType = sourcecode.c.objc; path = LBAPlusSign.m; sourceTree = "<group>"; };
		B032BCFA1B2BE10A003AC098 /* LBAMinusSign.h */ = {isa = PBXFileReference; fileEncoding = 4; lastKnownFileType = sourcecode.c.h; path = LBAMinusSign.h; sourceTree = "<group>"; };
		B032BCFB1B2BE10A003AC098 /* LBAMinusSign.m */ = {isa = PBXFileReference; fileEncoding = 4; lastKnownFileType = sourcecode.c.objc; path = LBAMinusSign.m; sourceTree = "<group>"; };
		B05CCB501B76C880003F0E37 /* LBABridgeVC.h */ = {isa = PBXFileReference; fileEncoding = 4; lastKnownFileType = sourcecode.c.h; path = LBABridgeVC.h; sourceTree = "<group>"; };
		B05CCB511B76C880003F0E37 /* LBABridgeVC.m */ = {isa = PBXFileReference; fileEncoding = 4; lastKnownFileType = sourcecode.c.objc; path = LBABridgeVC.m; sourceTree = "<group>"; };
		B05CCB521B76C880003F0E37 /* LBABridgeVC.xib */ = {isa = PBXFileReference; fileEncoding = 4; lastKnownFileType = file.xib; path = LBABridgeVC.xib; sourceTree = "<group>"; };
		B05CCB8F1B77C093003F0E37 /* SpinnerView.xib */ = {isa = PBXFileReference; fileEncoding = 4; lastKnownFileType = file.xib; path = SpinnerView.xib; sourceTree = "<group>"; };
		B06629271B47A52B00E2A855 /* LBASettingsCell.xib */ = {isa = PBXFileReference; fileEncoding = 4; lastKnownFileType = file.xib; path = LBASettingsCell.xib; sourceTree = "<group>"; };
		B06629291B47AE3000E2A855 /* LBASettingsTVCell.h */ = {isa = PBXFileReference; fileEncoding = 4; lastKnownFileType = sourcecode.c.h; path = LBASettingsTVCell.h; sourceTree = "<group>"; };
		B066292A1B47AE3000E2A855 /* LBASettingsTVCell.m */ = {isa = PBXFileReference; fileEncoding = 4; lastKnownFileType = sourcecode.c.objc; path = LBASettingsTVCell.m; sourceTree = "<group>"; };
		B066292C1B480C8000E2A855 /* LBASunriseCell.xib */ = {isa = PBXFileReference; fileEncoding = 4; lastKnownFileType = file.xib; path = LBASunriseCell.xib; sourceTree = "<group>"; };
		B066292E1B48137C00E2A855 /* LBASunriseTVCell.h */ = {isa = PBXFileReference; fileEncoding = 4; lastKnownFileType = sourcecode.c.h; path = LBASunriseTVCell.h; sourceTree = "<group>"; };
		B066292F1B48137C00E2A855 /* LBASunriseTVCell.m */ = {isa = PBXFileReference; fileEncoding = 4; lastKnownFileType = sourcecode.c.objc; path = LBASunriseTVCell.m; sourceTree = "<group>"; };
		B09D90A11B233F1F00C2653B /* LightBeacon.app */ = {isa = PBXFileReference; explicitFileType = wrapper.application; includeInIndex = 0; path = LightBeacon.app; sourceTree = BUILT_PRODUCTS_DIR; };
		B09D90A51B233F1F00C2653B /* Info.plist */ = {isa = PBXFileReference; lastKnownFileType = text.plist.xml; path = Info.plist; sourceTree = "<group>"; };
		B09D90A61B233F1F00C2653B /* main.m */ = {isa = PBXFileReference; lastKnownFileType = sourcecode.c.objc; path = main.m; sourceTree = "<group>"; };
		B09D90A81B233F1F00C2653B /* AppDelegate.h */ = {isa = PBXFileReference; lastKnownFileType = sourcecode.c.h; path = AppDelegate.h; sourceTree = "<group>"; };
		B09D90A91B233F1F00C2653B /* AppDelegate.m */ = {isa = PBXFileReference; lastKnownFileType = sourcecode.c.objc; path = AppDelegate.m; sourceTree = "<group>"; };
		B09D90AC1B233F1F00C2653B /* LightBeacon.xcdatamodel */ = {isa = PBXFileReference; lastKnownFileType = wrapper.xcdatamodel; path = LightBeacon.xcdatamodel; sourceTree = "<group>"; };
		B09D90B41B233F1F00C2653B /* Images.xcassets */ = {isa = PBXFileReference; lastKnownFileType = folder.assetcatalog; path = Images.xcassets; sourceTree = "<group>"; };
		B09D90B71B233F1F00C2653B /* Base */ = {isa = PBXFileReference; lastKnownFileType = file.xib; name = Base; path = Base.lproj/LaunchScreen.xib; sourceTree = "<group>"; };
		B09D90BD1B233F1F00C2653B /* LightBeaconTests.xctest */ = {isa = PBXFileReference; explicitFileType = wrapper.cfbundle; includeInIndex = 0; path = LightBeaconTests.xctest; sourceTree = BUILT_PRODUCTS_DIR; };
		B09D90C21B233F1F00C2653B /* Info.plist */ = {isa = PBXFileReference; lastKnownFileType = text.plist.xml; path = Info.plist; sourceTree = "<group>"; };
		B09D90C31B233F1F00C2653B /* LightBeaconTests.m */ = {isa = PBXFileReference; lastKnownFileType = sourcecode.c.objc; path = LightBeaconTests.m; sourceTree = "<group>"; };
		B09D90CD1B239E3200C2653B /* libz.dylib */ = {isa = PBXFileReference; lastKnownFileType = "compiled.mach-o.dylib"; name = libz.dylib; path = usr/lib/libz.dylib; sourceTree = SDKROOT; };
		B0BABBAB1B65385A00F77935 /* HueSDK_iOS.framework */ = {isa = PBXFileReference; lastKnownFileType = wrapper.framework; path = HueSDK_iOS.framework; sourceTree = "<group>"; };
		B0CB51C11B51890700C4AC18 /* LBAFavsTVCell.xib */ = {isa = PBXFileReference; fileEncoding = 4; lastKnownFileType = file.xib; name = LBAFavsTVCell.xib; path = ../LBAFavsTVCell.xib; sourceTree = "<group>"; };
		B0CB51C31B518BC000C4AC18 /* LBAFavsTVCell.h */ = {isa = PBXFileReference; fileEncoding = 4; lastKnownFileType = sourcecode.c.h; path = LBAFavsTVCell.h; sourceTree = "<group>"; };
		B0CB51C41B518BC000C4AC18 /* LBAFavsTVCell.m */ = {isa = PBXFileReference; fileEncoding = 4; lastKnownFileType = sourcecode.c.objc; path = LBAFavsTVCell.m; sourceTree = "<group>"; };
		B0D4B9561B24758B00713A26 /* Gimbal.framework */ = {isa = PBXFileReference; lastKnownFileType = wrapper.framework; path = Gimbal.framework; sourceTree = "<group>"; };
		B0D4B95A1B24837300713A26 /* Keys.plist */ = {isa = PBXFileReference; fileEncoding = 4; lastKnownFileType = text.plist.xml; path = Keys.plist; sourceTree = "<group>"; };
		B0D8A3061B6538C700DD3D87 /* DDAbstractDatabaseLogger.h */ = {isa = PBXFileReference; fileEncoding = 4; lastKnownFileType = sourcecode.c.h; path = DDAbstractDatabaseLogger.h; sourceTree = "<group>"; };
		B0D8A3071B6538C700DD3D87 /* DDAbstractDatabaseLogger.m */ = {isa = PBXFileReference; fileEncoding = 4; lastKnownFileType = sourcecode.c.objc; path = DDAbstractDatabaseLogger.m; sourceTree = "<group>"; };
		B0D8A3081B6538C700DD3D87 /* DDASLLogger.h */ = {isa = PBXFileReference; fileEncoding = 4; lastKnownFileType = sourcecode.c.h; path = DDASLLogger.h; sourceTree = "<group>"; };
		B0D8A3091B6538C700DD3D87 /* DDASLLogger.m */ = {isa = PBXFileReference; fileEncoding = 4; lastKnownFileType = sourcecode.c.objc; path = DDASLLogger.m; sourceTree = "<group>"; };
		B0D8A30A1B6538C700DD3D87 /* DDFileLogger.h */ = {isa = PBXFileReference; fileEncoding = 4; lastKnownFileType = sourcecode.c.h; path = DDFileLogger.h; sourceTree = "<group>"; };
		B0D8A30B1B6538C700DD3D87 /* DDFileLogger.m */ = {isa = PBXFileReference; fileEncoding = 4; lastKnownFileType = sourcecode.c.objc; path = DDFileLogger.m; sourceTree = "<group>"; };
		B0D8A30C1B6538C700DD3D87 /* DDLog.h */ = {isa = PBXFileReference; fileEncoding = 4; lastKnownFileType = sourcecode.c.h; path = DDLog.h; sourceTree = "<group>"; };
		B0D8A30D1B6538C700DD3D87 /* DDLog.m */ = {isa = PBXFileReference; fileEncoding = 4; lastKnownFileType = sourcecode.c.objc; path = DDLog.m; sourceTree = "<group>"; };
		B0D8A30E1B6538C700DD3D87 /* DDTTYLogger.h */ = {isa = PBXFileReference; fileEncoding = 4; lastKnownFileType = sourcecode.c.h; path = DDTTYLogger.h; sourceTree = "<group>"; };
		B0D8A30F1B6538C700DD3D87 /* DDTTYLogger.m */ = {isa = PBXFileReference; fileEncoding = 4; lastKnownFileType = sourcecode.c.objc; path = DDTTYLogger.m; sourceTree = "<group>"; };
		B0D8A3161B6538F200DD3D87 /* ContextFilterLogFormatter.h */ = {isa = PBXFileReference; fileEncoding = 4; lastKnownFileType = sourcecode.c.h; path = ContextFilterLogFormatter.h; sourceTree = "<group>"; };
		B0D8A3171B6538F200DD3D87 /* ContextFilterLogFormatter.m */ = {isa = PBXFileReference; fileEncoding = 4; lastKnownFileType = sourcecode.c.objc; path = ContextFilterLogFormatter.m; sourceTree = "<group>"; };
		B0D8A3181B6538F200DD3D87 /* DispatchQueueLogFormatter.h */ = {isa = PBXFileReference; fileEncoding = 4; lastKnownFileType = sourcecode.c.h; path = DispatchQueueLogFormatter.h; sourceTree = "<group>"; };
		B0D8A3191B6538F200DD3D87 /* DispatchQueueLogFormatter.m */ = {isa = PBXFileReference; fileEncoding = 4; lastKnownFileType = sourcecode.c.objc; path = DispatchQueueLogFormatter.m; sourceTree = "<group>"; };
		B0D8A31C1B68486000DD3D87 /* LBAHueManager.h */ = {isa = PBXFileReference; fileEncoding = 4; lastKnownFileType = sourcecode.c.h; path = LBAHueManager.h; sourceTree = "<group>"; };
		B0D8A31D1B68486000DD3D87 /* LBAHueManager.m */ = {isa = PBXFileReference; fileEncoding = 4; lastKnownFileType = sourcecode.c.objc; path = LBAHueManager.m; sourceTree = "<group>"; };
		B0E8D2761B40A65C009683A2 /* CoreLocation.framework */ = {isa = PBXFileReference; lastKnownFileType = wrapper.framework; name = CoreLocation.framework; path = System/Library/Frameworks/CoreLocation.framework; sourceTree = SDKROOT; };
		B0FCFD001B2521410034FD4E /* LBALogManager.h */ = {isa = PBXFileReference; fileEncoding = 4; lastKnownFileType = sourcecode.c.h; path = LBALogManager.h; sourceTree = "<group>"; };
		B0FCFD011B2521410034FD4E /* LBALogManager.m */ = {isa = PBXFileReference; fileEncoding = 4; lastKnownFileType = sourcecode.c.objc; path = LBALogManager.m; sourceTree = "<group>"; };
		B0FF0CEA1C226318001999A5 /* User.h */ = {isa = PBXFileReference; fileEncoding = 4; lastKnownFileType = sourcecode.c.h; path = User.h; sourceTree = "<group>"; };
		B0FF0CEB1C226318001999A5 /* User.m */ = {isa = PBXFileReference; fileEncoding = 4; lastKnownFileType = sourcecode.c.objc; path = User.m; sourceTree = "<group>"; };
/* End PBXFileReference section */

/* Begin PBXFrameworksBuildPhase section */
		B09D909E1B233F1F00C2653B /* Frameworks */ = {
			isa = PBXFrameworksBuildPhase;
			buildActionMask = 2147483647;
			files = (
				B0E8D2771B40A65C009683A2 /* CoreLocation.framework in Frameworks */,
				B0D4B9571B24758B00713A26 /* Gimbal.framework in Frameworks */,
				B0BABBAC1B65385A00F77935 /* HueSDK_iOS.framework in Frameworks */,
				B09D90CE1B239E3200C2653B /* libz.dylib in Frameworks */,
			);
			runOnlyForDeploymentPostprocessing = 0;
		};
		B09D90BA1B233F1F00C2653B /* Frameworks */ = {
			isa = PBXFrameworksBuildPhase;
			buildActionMask = 2147483647;
			files = (
			);
			runOnlyForDeploymentPostprocessing = 0;
		};
/* End PBXFrameworksBuildPhase section */

/* Begin PBXGroup section */
		B032BCF01B2BCF79003AC098 /* View */ = {
			isa = PBXGroup;
			children = (
				B032BCF11B2BD25A003AC098 /* LBASettingsTab.h */,
				B032BCF21B2BD25A003AC098 /* LBASettingsTab.m */,
				B032BCED1B2BCF72003AC098 /* LBARectangleView.h */,
				B032BCEE1B2BCF72003AC098 /* LBARectangleView.m */,
				B032BCF71B2BE0EE003AC098 /* LBAPlusSign.h */,
				B032BCF81B2BE0EE003AC098 /* LBAPlusSign.m */,
				B032BCFA1B2BE10A003AC098 /* LBAMinusSign.h */,
				B032BCFB1B2BE10A003AC098 /* LBAMinusSign.m */,
				B05CCB8F1B77C093003F0E37 /* SpinnerView.xib */,
			);
			name = View;
			sourceTree = "<group>";
		};
		B06629241B47A43D00E2A855 /* Cells */ = {
			isa = PBXGroup;
			children = (
				B06629271B47A52B00E2A855 /* LBASettingsCell.xib */,
				B06629291B47AE3000E2A855 /* LBASettingsTVCell.h */,
				B066292A1B47AE3000E2A855 /* LBASettingsTVCell.m */,
				B066292C1B480C8000E2A855 /* LBASunriseCell.xib */,
				B066292E1B48137C00E2A855 /* LBASunriseTVCell.h */,
				B066292F1B48137C00E2A855 /* LBASunriseTVCell.m */,
				B0CB51C11B51890700C4AC18 /* LBAFavsTVCell.xib */,
				B0CB51C31B518BC000C4AC18 /* LBAFavsTVCell.h */,
				B0CB51C41B518BC000C4AC18 /* LBAFavsTVCell.m */,
			);
			name = Cells;
			sourceTree = "<group>";
		};
		B09D90981B233F1F00C2653B = {
			isa = PBXGroup;
			children = (
				B09D90A31B233F1F00C2653B /* LightBeacon */,
				B09D90C01B233F1F00C2653B /* LightBeaconTests */,
				B09D90A21B233F1F00C2653B /* Products */,
				B09D90D11B23A0F800C2653B /* Frameworks */,
			);
			sourceTree = "<group>";
		};
		B09D90A21B233F1F00C2653B /* Products */ = {
			isa = PBXGroup;
			children = (
				B09D90A11B233F1F00C2653B /* LightBeacon.app */,
				B09D90BD1B233F1F00C2653B /* LightBeaconTests.xctest */,
			);
			name = Products;
			sourceTree = "<group>";
		};
		B09D90A31B233F1F00C2653B /* LightBeacon */ = {
			isa = PBXGroup;
			children = (
				B0D4B95C1B24898D00713A26 /* Managers */,
				B032BCF01B2BCF79003AC098 /* View */,
				B0D4B9601B2489C900713A26 /* Controller */,
				B06629241B47A43D00E2A855 /* Cells */,
				B0D4B9611B248A0D00713A26 /* Data */,
				B09D90A41B233F1F00C2653B /* Supporting Files */,
				B0009C321B471A3800B12175 /* LBAAlert.h */,
				B0009C331B471A3800B12175 /* LBAAlert.m */,
				B003707B1B5DE64100194CCA /* UIColor+LBAColors.h */,
				B003707C1B5DE64100194CCA /* UIColor+LBAColors.m */,
			);
			path = LightBeacon;
			sourceTree = "<group>";
		};
		B09D90A41B233F1F00C2653B /* Supporting Files */ = {
			isa = PBXGroup;
			children = (
				B09D90A81B233F1F00C2653B /* AppDelegate.h */,
				B09D90A91B233F1F00C2653B /* AppDelegate.m */,
				B09D90B41B233F1F00C2653B /* Images.xcassets */,
				B09D90B61B233F1F00C2653B /* LaunchScreen.xib */,
				B09D90A51B233F1F00C2653B /* Info.plist */,
				B09D90A61B233F1F00C2653B /* main.m */,
				B0D4B95A1B24837300713A26 /* Keys.plist */,
			);
			name = "Supporting Files";
			sourceTree = "<group>";
		};
		B09D90C01B233F1F00C2653B /* LightBeaconTests */ = {
			isa = PBXGroup;
			children = (
				B09D90C31B233F1F00C2653B /* LightBeaconTests.m */,
				B09D90C11B233F1F00C2653B /* Supporting Files */,
			);
			path = LightBeaconTests;
			sourceTree = "<group>";
		};
		B09D90C11B233F1F00C2653B /* Supporting Files */ = {
			isa = PBXGroup;
			children = (
				B09D90C21B233F1F00C2653B /* Info.plist */,
			);
			name = "Supporting Files";
			sourceTree = "<group>";
		};
		B09D90D11B23A0F800C2653B /* Frameworks */ = {
			isa = PBXGroup;
			children = (
				B0BABBAD1B65387000F77935 /* Lumberjack */,
				B0BABBAB1B65385A00F77935 /* HueSDK_iOS.framework */,
				B0E8D2761B40A65C009683A2 /* CoreLocation.framework */,
				B09D90CD1B239E3200C2653B /* libz.dylib */,
				B0D4B9561B24758B00713A26 /* Gimbal.framework */,
			);
			name = Frameworks;
			sourceTree = "<group>";
		};
		B0BABBAD1B65387000F77935 /* Lumberjack */ = {
			isa = PBXGroup;
			children = (
				B0D8A3061B6538C700DD3D87 /* DDAbstractDatabaseLogger.h */,
				B0D8A3071B6538C700DD3D87 /* DDAbstractDatabaseLogger.m */,
				B0D8A3081B6538C700DD3D87 /* DDASLLogger.h */,
				B0D8A3091B6538C700DD3D87 /* DDASLLogger.m */,
				B0D8A30A1B6538C700DD3D87 /* DDFileLogger.h */,
				B0D8A30B1B6538C700DD3D87 /* DDFileLogger.m */,
				B0D8A30C1B6538C700DD3D87 /* DDLog.h */,
				B0D8A30D1B6538C700DD3D87 /* DDLog.m */,
				B0D8A30E1B6538C700DD3D87 /* DDTTYLogger.h */,
				B0D8A30F1B6538C700DD3D87 /* DDTTYLogger.m */,
				B0D8A3151B6538DC00DD3D87 /* Extensions */,
			);
			name = Lumberjack;
			sourceTree = "<group>";
		};
		B0D4B95C1B24898D00713A26 /* Managers */ = {
			isa = PBXGroup;
			children = (
				B0FCFD001B2521410034FD4E /* LBALogManager.h */,
				B0FCFD011B2521410034FD4E /* LBALogManager.m */,
				B0009C2B1B47110100B12175 /* LBADefaultsManager.h */,
				B0009C2C1B47110100B12175 /* LBADefaultsManager.m */,
				B0009C351B472AFA00B12175 /* LBALocationManager.h */,
				B0009C361B472AFA00B12175 /* LBALocationManager.m */,
				B00370701B5B16F900194CCA /* LBACoreDataManager.h */,
				B00370711B5B16F900194CCA /* LBACoreDataManager.m */,
				B0D8A31C1B68486000DD3D87 /* LBAHueManager.h */,
				B0D8A31D1B68486000DD3D87 /* LBAHueManager.m */,
			);
			name = Managers;
			sourceTree = "<group>";
		};
		B0D4B9601B2489C900713A26 /* Controller */ = {
			isa = PBXGroup;
			children = (
				B0009C171B46334A00B12175 /* LBAMainVC.h */,
				B0009C181B46334A00B12175 /* LBAMainVC.m */,
				B0009C0E1B4632E600B12175 /* LBAMainVC.xib */,
				B0009C1A1B46337D00B12175 /* LBACenterVC.h */,
				B0009C1B1B46337D00B12175 /* LBACenterVC.m */,
				B0009C291B465D9900B12175 /* LBACenterVC.xib */,
				B0009C1D1B46339400B12175 /* LBALeftVC.h */,
				B0009C1E1B46339400B12175 /* LBALeftVC.m */,
				B0009C101B4632F300B12175 /* LBALeftVC.xib */,
				B0009C201B4633AA00B12175 /* LBARightVC.h */,
				B0009C211B4633AA00B12175 /* LBARightVC.m */,
				B0009C121B46330000B12175 /* LBARightVC.xib */,
				B05CCB501B76C880003F0E37 /* LBABridgeVC.h */,
				B05CCB511B76C880003F0E37 /* LBABridgeVC.m */,
				B05CCB521B76C880003F0E37 /* LBABridgeVC.xib */,
			);
			name = Controller;
			sourceTree = "<group>";
		};
		B0D4B9611B248A0D00713A26 /* Data */ = {
			isa = PBXGroup;
			children = (
				B09D90AB1B233F1F00C2653B /* LightBeacon.xcdatamodeld */,
				B0FF0CEA1C226318001999A5 /* User.h */,
				B0FF0CEB1C226318001999A5 /* User.m */,
				B003706C1B58BF6700194CCA /* Favorite.h */,
				B003706D1B58BF6700194CCA /* Favorite.m */,
			);
			name = Data;
			sourceTree = "<group>";
		};
		B0D8A3151B6538DC00DD3D87 /* Extensions */ = {
			isa = PBXGroup;
			children = (
				B0D8A3161B6538F200DD3D87 /* ContextFilterLogFormatter.h */,
				B0D8A3171B6538F200DD3D87 /* ContextFilterLogFormatter.m */,
				B0D8A3181B6538F200DD3D87 /* DispatchQueueLogFormatter.h */,
				B0D8A3191B6538F200DD3D87 /* DispatchQueueLogFormatter.m */,
			);
			name = Extensions;
			sourceTree = "<group>";
		};
/* End PBXGroup section */

/* Begin PBXNativeTarget section */
		B09D90A01B233F1F00C2653B /* LightBeacon */ = {
			isa = PBXNativeTarget;
			buildConfigurationList = B09D90C71B233F1F00C2653B /* Build configuration list for PBXNativeTarget "LightBeacon" */;
			buildPhases = (
				B09D909D1B233F1F00C2653B /* Sources */,
				B09D909E1B233F1F00C2653B /* Frameworks */,
				B09D909F1B233F1F00C2653B /* Resources */,
			);
			buildRules = (
			);
			dependencies = (
			);
			name = LightBeacon;
			productName = LightBeacon;
			productReference = B09D90A11B233F1F00C2653B /* LightBeacon.app */;
			productType = "com.apple.product-type.application";
		};
		B09D90BC1B233F1F00C2653B /* LightBeaconTests */ = {
			isa = PBXNativeTarget;
			buildConfigurationList = B09D90CA1B233F1F00C2653B /* Build configuration list for PBXNativeTarget "LightBeaconTests" */;
			buildPhases = (
				B09D90B91B233F1F00C2653B /* Sources */,
				B09D90BA1B233F1F00C2653B /* Frameworks */,
				B09D90BB1B233F1F00C2653B /* Resources */,
			);
			buildRules = (
			);
			dependencies = (
				B09D90BF1B233F1F00C2653B /* PBXTargetDependency */,
			);
			name = LightBeaconTests;
			productName = LightBeaconTests;
			productReference = B09D90BD1B233F1F00C2653B /* LightBeaconTests.xctest */;
			productType = "com.apple.product-type.bundle.unit-test";
		};
/* End PBXNativeTarget section */

/* Begin PBXProject section */
		B09D90991B233F1F00C2653B /* Project object */ = {
			isa = PBXProject;
			attributes = {
				LastUpgradeCheck = 0630;
				ORGANIZATIONNAME = "Jon Fox";
				TargetAttributes = {
					B09D90A01B233F1F00C2653B = {
						CreatedOnToolsVersion = 6.3.2;
						DevelopmentTeam = Y99DUZCLEB;
						SystemCapabilities = {
							com.apple.BackgroundModes = {
								enabled = 1;
							};
						};
					};
					B09D90BC1B233F1F00C2653B = {
						CreatedOnToolsVersion = 6.3.2;
						TestTargetID = B09D90A01B233F1F00C2653B;
					};
				};
			};
			buildConfigurationList = B09D909C1B233F1F00C2653B /* Build configuration list for PBXProject "LightBeacon" */;
			compatibilityVersion = "Xcode 3.2";
			developmentRegion = English;
			hasScannedForEncodings = 0;
			knownRegions = (
				en,
				Base,
			);
			mainGroup = B09D90981B233F1F00C2653B;
			productRefGroup = B09D90A21B233F1F00C2653B /* Products */;
			projectDirPath = "";
			projectRoot = "";
			targets = (
				B09D90A01B233F1F00C2653B /* LightBeacon */,
				B09D90BC1B233F1F00C2653B /* LightBeaconTests */,
			);
		};
/* End PBXProject section */

/* Begin PBXResourcesBuildPhase section */
		B09D909F1B233F1F00C2653B /* Resources */ = {
			isa = PBXResourcesBuildPhase;
			buildActionMask = 2147483647;
			files = (
				B05CCB901B77C093003F0E37 /* SpinnerView.xib in Resources */,
				B0009C111B4632F300B12175 /* LBALeftVC.xib in Resources */,
				B05CCB541B76C880003F0E37 /* LBABridgeVC.xib in Resources */,
				B0009C2A1B465D9900B12175 /* LBACenterVC.xib in Resources */,
				B066292D1B480C8000E2A855 /* LBASunriseCell.xib in Resources */,
				B0CB51C21B51890700C4AC18 /* LBAFavsTVCell.xib in Resources */,
				B0D4B95B1B24837300713A26 /* Keys.plist in Resources */,
				B0009C131B46330000B12175 /* LBARightVC.xib in Resources */,
				B06629281B47A52B00E2A855 /* LBASettingsCell.xib in Resources */,
				B0009C0F1B4632E600B12175 /* LBAMainVC.xib in Resources */,
				B09D90B81B233F1F00C2653B /* LaunchScreen.xib in Resources */,
				B09D90B51B233F1F00C2653B /* Images.xcassets in Resources */,
			);
			runOnlyForDeploymentPostprocessing = 0;
		};
		B09D90BB1B233F1F00C2653B /* Resources */ = {
			isa = PBXResourcesBuildPhase;
			buildActionMask = 2147483647;
			files = (
			);
			runOnlyForDeploymentPostprocessing = 0;
		};
/* End PBXResourcesBuildPhase section */

/* Begin PBXSourcesBuildPhase section */
		B09D909D1B233F1F00C2653B /* Sources */ = {
			isa = PBXSourcesBuildPhase;
			buildActionMask = 2147483647;
			files = (
				B0FF0CEC1C226318001999A5 /* User.m in Sources */,
				B06629301B48137C00E2A855 /* LBASunriseTVCell.m in Sources */,
				B0009C341B471A3800B12175 /* LBAAlert.m in Sources */,
				B0009C221B4633AA00B12175 /* LBARightVC.m in Sources */,
				B032BCF31B2BD25A003AC098 /* LBASettingsTab.m in Sources */,
				B0CB51C51B518BC000C4AC18 /* LBAFavsTVCell.m in Sources */,
				B05CCB531B76C880003F0E37 /* LBABridgeVC.m in Sources */,
				B00370721B5B16F900194CCA /* LBACoreDataManager.m in Sources */,
				B0D8A31E1B68486000DD3D87 /* LBAHueManager.m in Sources */,
				B0D8A3101B6538C700DD3D87 /* DDAbstractDatabaseLogger.m in Sources */,
				B0D8A3111B6538C700DD3D87 /* DDASLLogger.m in Sources */,
				B066292B1B47AE3000E2A855 /* LBASettingsTVCell.m in Sources */,
				B0009C2D1B47110100B12175 /* LBADefaultsManager.m in Sources */,
				B032BCEF1B2BCF72003AC098 /* LBARectangleView.m in Sources */,
				B0D8A3141B6538C700DD3D87 /* DDTTYLogger.m in Sources */,
				B0D8A31B1B6538F200DD3D87 /* DispatchQueueLogFormatter.m in Sources */,
				B09D90AA1B233F1F00C2653B /* AppDelegate.m in Sources */,
				B0009C1C1B46337D00B12175 /* LBACenterVC.m in Sources */,
				B0D8A31A1B6538F200DD3D87 /* ContextFilterLogFormatter.m in Sources */,
				B032BCFC1B2BE10A003AC098 /* LBAMinusSign.m in Sources */,
				B003707D1B5DE64100194CCA /* UIColor+LBAColors.m in Sources */,
				B0009C371B472AFA00B12175 /* LBALocationManager.m in Sources */,
				B09D90AD1B233F1F00C2653B /* LightBeacon.xcdatamodeld in Sources */,
				B0009C1F1B46339400B12175 /* LBALeftVC.m in Sources */,
				B0D8A3121B6538C700DD3D87 /* DDFileLogger.m in Sources */,
				B0D8A3131B6538C700DD3D87 /* DDLog.m in Sources */,
				B032BCF91B2BE0EE003AC098 /* LBAPlusSign.m in Sources */,
				B0009C191B46334A00B12175 /* LBAMainVC.m in Sources */,
				B0FCFD021B2521410034FD4E /* LBALogManager.m in Sources */,
				B09D90A71B233F1F00C2653B /* main.m in Sources */,
				B003706E1B58BF6700194CCA /* Favorite.m in Sources */,
			);
			runOnlyForDeploymentPostprocessing = 0;
		};
		B09D90B91B233F1F00C2653B /* Sources */ = {
			isa = PBXSourcesBuildPhase;
			buildActionMask = 2147483647;
			files = (
				B09D90C41B233F1F00C2653B /* LightBeaconTests.m in Sources */,
			);
			runOnlyForDeploymentPostprocessing = 0;
		};
/* End PBXSourcesBuildPhase section */

/* Begin PBXTargetDependency section */
		B09D90BF1B233F1F00C2653B /* PBXTargetDependency */ = {
			isa = PBXTargetDependency;
			target = B09D90A01B233F1F00C2653B /* LightBeacon */;
			targetProxy = B09D90BE1B233F1F00C2653B /* PBXContainerItemProxy */;
		};
/* End PBXTargetDependency section */

/* Begin PBXVariantGroup section */
		B09D90B61B233F1F00C2653B /* LaunchScreen.xib */ = {
			isa = PBXVariantGroup;
			children = (
				B09D90B71B233F1F00C2653B /* Base */,
			);
			name = LaunchScreen.xib;
			sourceTree = "<group>";
		};
/* End PBXVariantGroup section */

/* Begin XCBuildConfiguration section */
		B09D90C51B233F1F00C2653B /* Debug */ = {
			isa = XCBuildConfiguration;
			buildSettings = {
				ALWAYS_SEARCH_USER_PATHS = NO;
				CLANG_CXX_LANGUAGE_STANDARD = "gnu++0x";
				CLANG_CXX_LIBRARY = "libc++";
				CLANG_ENABLE_MODULES = YES;
				CLANG_ENABLE_OBJC_ARC = YES;
				CLANG_WARN_BOOL_CONVERSION = YES;
				CLANG_WARN_CONSTANT_CONVERSION = YES;
				CLANG_WARN_DIRECT_OBJC_ISA_USAGE = YES_ERROR;
				CLANG_WARN_EMPTY_BODY = YES;
				CLANG_WARN_ENUM_CONVERSION = YES;
				CLANG_WARN_INT_CONVERSION = YES;
				CLANG_WARN_OBJC_ROOT_CLASS = YES_ERROR;
				CLANG_WARN_UNREACHABLE_CODE = YES;
				CLANG_WARN__DUPLICATE_METHOD_MATCH = YES;
				"CODE_SIGN_IDENTITY[sdk=iphoneos*]" = "iPhone Developer";
				COPY_PHASE_STRIP = NO;
				DEBUG_INFORMATION_FORMAT = "dwarf-with-dsym";
				ENABLE_STRICT_OBJC_MSGSEND = YES;
				GCC_C_LANGUAGE_STANDARD = gnu99;
				GCC_DYNAMIC_NO_PIC = NO;
				GCC_NO_COMMON_BLOCKS = YES;
				GCC_OPTIMIZATION_LEVEL = 0;
				GCC_PREPROCESSOR_DEFINITIONS = (
					"DEBUG=1",
					"$(inherited)",
				);
				GCC_SYMBOLS_PRIVATE_EXTERN = NO;
				GCC_WARN_64_TO_32_BIT_CONVERSION = YES;
				GCC_WARN_ABOUT_RETURN_TYPE = YES_ERROR;
				GCC_WARN_UNDECLARED_SELECTOR = YES;
				GCC_WARN_UNINITIALIZED_AUTOS = YES_AGGRESSIVE;
				GCC_WARN_UNUSED_FUNCTION = YES;
				GCC_WARN_UNUSED_VARIABLE = YES;
				IPHONEOS_DEPLOYMENT_TARGET = 8.3;
				MTL_ENABLE_DEBUG_INFO = YES;
				ONLY_ACTIVE_ARCH = YES;
				SDKROOT = iphoneos;
			};
			name = Debug;
		};
		B09D90C61B233F1F00C2653B /* Release */ = {
			isa = XCBuildConfiguration;
			buildSettings = {
				ALWAYS_SEARCH_USER_PATHS = NO;
				CLANG_CXX_LANGUAGE_STANDARD = "gnu++0x";
				CLANG_CXX_LIBRARY = "libc++";
				CLANG_ENABLE_MODULES = YES;
				CLANG_ENABLE_OBJC_ARC = YES;
				CLANG_WARN_BOOL_CONVERSION = YES;
				CLANG_WARN_CONSTANT_CONVERSION = YES;
				CLANG_WARN_DIRECT_OBJC_ISA_USAGE = YES_ERROR;
				CLANG_WARN_EMPTY_BODY = YES;
				CLANG_WARN_ENUM_CONVERSION = YES;
				CLANG_WARN_INT_CONVERSION = YES;
				CLANG_WARN_OBJC_ROOT_CLASS = YES_ERROR;
				CLANG_WARN_UNREACHABLE_CODE = YES;
				CLANG_WARN__DUPLICATE_METHOD_MATCH = YES;
				"CODE_SIGN_IDENTITY[sdk=iphoneos*]" = "iPhone Developer";
				COPY_PHASE_STRIP = NO;
				DEBUG_INFORMATION_FORMAT = "dwarf-with-dsym";
				ENABLE_NS_ASSERTIONS = NO;
				ENABLE_STRICT_OBJC_MSGSEND = YES;
				GCC_C_LANGUAGE_STANDARD = gnu99;
				GCC_NO_COMMON_BLOCKS = YES;
				GCC_WARN_64_TO_32_BIT_CONVERSION = YES;
				GCC_WARN_ABOUT_RETURN_TYPE = YES_ERROR;
				GCC_WARN_UNDECLARED_SELECTOR = YES;
				GCC_WARN_UNINITIALIZED_AUTOS = YES_AGGRESSIVE;
				GCC_WARN_UNUSED_FUNCTION = YES;
				GCC_WARN_UNUSED_VARIABLE = YES;
				IPHONEOS_DEPLOYMENT_TARGET = 8.3;
				MTL_ENABLE_DEBUG_INFO = NO;
				SDKROOT = iphoneos;
				VALIDATE_PRODUCT = YES;
			};
			name = Release;
		};
		B09D90C81B233F1F00C2653B /* Debug */ = {
			isa = XCBuildConfiguration;
			buildSettings = {
				ASSETCATALOG_COMPILER_APPICON_NAME = AppIcon;
				CODE_SIGN_IDENTITY = "iPhone Developer";
				ENABLE_BITCODE = NO;
				FRAMEWORK_SEARCH_PATHS = (
					"$(inherited)",
					/Users/JonFox/Documents/Programming/Frameworks/gimbalsdk_2/Frameworks,
					"$(PROJECT_DIR)",
				);
				INFOPLIST_FILE = LightBeacon/Info.plist;
				IPHONEOS_DEPLOYMENT_TARGET = 7.0;
				LD_RUNPATH_SEARCH_PATHS = "$(inherited) @executable_path/Frameworks";
				OTHER_LDFLAGS = "-ObjC";
				PRODUCT_NAME = "$(TARGET_NAME)";
			};
			name = Debug;
		};
		B09D90C91B233F1F00C2653B /* Release */ = {
			isa = XCBuildConfiguration;
			buildSettings = {
				ASSETCATALOG_COMPILER_APPICON_NAME = AppIcon;
				CODE_SIGN_IDENTITY = "iPhone Developer";
				ENABLE_BITCODE = NO;
				FRAMEWORK_SEARCH_PATHS = (
					"$(inherited)",
					/Users/JonFox/Documents/Programming/Frameworks/gimbalsdk_2/Frameworks,
					"$(PROJECT_DIR)",
				);
				INFOPLIST_FILE = LightBeacon/Info.plist;
				IPHONEOS_DEPLOYMENT_TARGET = 7.0;
				LD_RUNPATH_SEARCH_PATHS = "$(inherited) @executable_path/Frameworks";
				OTHER_LDFLAGS = "-ObjC";
				PRODUCT_NAME = "$(TARGET_NAME)";
			};
			name = Release;
		};
		B09D90CB1B233F1F00C2653B /* Debug */ = {
			isa = XCBuildConfiguration;
			buildSettings = {
				BUNDLE_LOADER = "$(TEST_HOST)";
				FRAMEWORK_SEARCH_PATHS = (
					"$(SDKROOT)/Developer/Library/Frameworks",
					"$(inherited)",
				);
				GCC_PREPROCESSOR_DEFINITIONS = (
					"DEBUG=1",
					"$(inherited)",
				);
				INFOPLIST_FILE = LightBeaconTests/Info.plist;
				LD_RUNPATH_SEARCH_PATHS = "$(inherited) @executable_path/Frameworks @loader_path/Frameworks";
				PRODUCT_NAME = "$(TARGET_NAME)";
				TEST_HOST = "$(BUILT_PRODUCTS_DIR)/LightBeacon.app/LightBeacon";
			};
			name = Debug;
		};
		B09D90CC1B233F1F00C2653B /* Release */ = {
			isa = XCBuildConfiguration;
			buildSettings = {
				BUNDLE_LOADER = "$(TEST_HOST)";
				FRAMEWORK_SEARCH_PATHS = (
					"$(SDKROOT)/Developer/Library/Frameworks",
					"$(inherited)",
				);
				INFOPLIST_FILE = LightBeaconTests/Info.plist;
				LD_RUNPATH_SEARCH_PATHS = "$(inherited) @executable_path/Frameworks @loader_path/Frameworks";
				PRODUCT_NAME = "$(TARGET_NAME)";
				TEST_HOST = "$(BUILT_PRODUCTS_DIR)/LightBeacon.app/LightBeacon";
			};
			name = Release;
		};
/* End XCBuildConfiguration section */

/* Begin XCConfigurationList section */
		B09D909C1B233F1F00C2653B /* Build configuration list for PBXProject "LightBeacon" */ = {
			isa = XCConfigurationList;
			buildConfigurations = (
				B09D90C51B233F1F00C2653B /* Debug */,
				B09D90C61B233F1F00C2653B /* Release */,
			);
			defaultConfigurationIsVisible = 0;
			defaultConfigurationName = Release;
		};
		B09D90C71B233F1F00C2653B /* Build configuration list for PBXNativeTarget "LightBeacon" */ = {
			isa = XCConfigurationList;
			buildConfigurations = (
				B09D90C81B233F1F00C2653B /* Debug */,
				B09D90C91B233F1F00C2653B /* Release */,
			);
			defaultConfigurationIsVisible = 0;
			defaultConfigurationName = Release;
		};
		B09D90CA1B233F1F00C2653B /* Build configuration list for PBXNativeTarget "LightBeaconTests" */ = {
			isa = XCConfigurationList;
			buildConfigurations = (
				B09D90CB1B233F1F00C2653B /* Debug */,
				B09D90CC1B233F1F00C2653B /* Release */,
			);
			defaultConfigurationIsVisible = 0;
			defaultConfigurationName = Release;
		};
/* End XCConfigurationList section */

/* Begin XCVersionGroup section */
		B09D90AB1B233F1F00C2653B /* LightBeacon.xcdatamodeld */ = {
			isa = XCVersionGroup;
			children = (
				B09D90AC1B233F1F00C2653B /* LightBeacon.xcdatamodel */,
			);
			currentVersion = B09D90AC1B233F1F00C2653B /* LightBeacon.xcdatamodel */;
			path = LightBeacon.xcdatamodeld;
			sourceTree = "<group>";
			versionGroupType = wrapper.xcdatamodel;
		};
/* End XCVersionGroup section */
	};
	rootObject = B09D90991B233F1F00C2653B /* Project object */;
}
